
Microsoft Visual Studio Solution File, Format Version 12.00
# Visual Studio Version 16
VisualStudioVersion = 16.0.29728.190
MinimumVisualStudioVersion = 10.0.40219.1
Project("{FAE04EC0-301F-11D3-BF4B-00C04F79EFBC}") = "BauSparkScripts.Studio", "App\BauSparkScripts.Studio\BauSparkScripts.Studio.csproj", "{0ABBC6C4-6C01-455C-8732-205FC3BDF832}"
EndProject
Project("{9A19103F-16F7-4668-BE54-9A1E7A4F7556}") = "BauSparkScripts.Models", "App\BauSparkScripts.Models\BauSparkScripts.Models.csproj", "{B5C81E48-6309-483C-80E7-560AE32A1129}"
EndProject
Project("{9A19103F-16F7-4668-BE54-9A1E7A4F7556}") = "BauSparkScripts.Application", "App\BauSparkScripts.Application\BauSparkScripts.Application.csproj", "{233C6519-3E58-45A8-A442-06ACAD06C0E0}"
EndProject
Project("{9A19103F-16F7-4668-BE54-9A1E7A4F7556}") = "BauSparkScripts.ViewModels", "App\BauSparkScripts.ViewModels\BauSparkScripts.ViewModels.csproj", "{B0E212B0-BA58-4BA6-B042-B7974CF15DD9}"
EndProject
Project("{2150E333-8FDC-42A3-9474-1A3956D46DE8}") = "Domain", "Domain", "{9E0378CF-6ADF-48F2-85F6-7FDD79278710}"
EndProject
Project("{2150E333-8FDC-42A3-9474-1A3956D46DE8}") = "Controls", "Controls", "{09DAD0DE-2075-4326-8208-00BBD0FE1FF1}"
EndProject
Project("{FAE04EC0-301F-11D3-BF4B-00C04F79EFBC}") = "BauControls", "Controls\BauControls\BauControls.csproj", "{C4411755-086A-464B-A62D-BE0CCD18EFB9}"
EndProject
Project("{FAE04EC0-301F-11D3-BF4B-00C04F79EFBC}") = "CodeEditor", "Controls\CodeEditor\CodeEditor.csproj", "{4E07699F-5BD6-41C5-A42E-928A2AA332FC}"
EndProject
Project("{2150E333-8FDC-42A3-9474-1A3956D46DE8}") = "Libraries", "Libraries", "{A11B5607-E4D6-4254-97F7-1BE636C5C2C0}"
EndProject
Project("{9A19103F-16F7-4668-BE54-9A1E7A4F7556}") = "LibHelper", "Libraries\LibHelper\LibHelper.csproj", "{681609AF-B80A-4CBD-80A9-926B3C6FA817}"
EndProject
Project("{9A19103F-16F7-4668-BE54-9A1E7A4F7556}") = "LibLogger.Core", "Libraries\LibLogger.Core\LibLogger.Core.csproj", "{AD91F360-8C28-44F8-9FE1-EB78A80F5D01}"
EndProject
Project("{9A19103F-16F7-4668-BE54-9A1E7A4F7556}") = "LibLogger.Interfaces", "Libraries\LibLogger.Interfaces\LibLogger.Interfaces.csproj", "{511AAA9E-BB99-469F-80E1-A8DB0AC0C349}"
EndProject
Project("{9A19103F-16F7-4668-BE54-9A1E7A4F7556}") = "LibLogger.Models", "Libraries\LibLogger.Models\LibLogger.Models.csproj", "{D3EC0236-F914-4CBF-905F-423905043F77}"
EndProject
Project("{9A19103F-16F7-4668-BE54-9A1E7A4F7556}") = "LibLogger.Writer.AppInsights", "Libraries\LibLogger.Writer.AppInsights\LibLogger.Writer.AppInsights.csproj", "{529DA951-3C1E-4FE2-B0C4-928203105405}"
EndProject
Project("{9A19103F-16F7-4668-BE54-9A1E7A4F7556}") = "LibLogger.Writer.Console", "Libraries\LibLogger.Writer.Console\LibLogger.Writer.Console.csproj", "{60359CD0-48C5-4D38-BE6B-3FDD9896E646}"
EndProject
Project("{9A19103F-16F7-4668-BE54-9A1E7A4F7556}") = "LibLogger.Writer.Files", "Libraries\LibLogger.Writer.Files\LibLogger.Writer.Files.csproj", "{412E56E8-9B78-4671-8CA8-FDF76415A0A1}"
EndProject
Project("{9A19103F-16F7-4668-BE54-9A1E7A4F7556}") = "LibMarkup", "Libraries\LibMarkup\LibMarkup.csproj", "{68B398B8-CBA1-46EC-ADD7-F07CB9A47797}"
EndProject
Project("{2150E333-8FDC-42A3-9474-1A3956D46DE8}") = "Common", "Common", "{2D981961-EB2A-4F8C-B214-AF852B18BD3E}"
EndProject
Project("{2150E333-8FDC-42A3-9474-1A3956D46DE8}") = "Logger", "Logger", "{F50F9D8F-4608-40BE-8614-244E148BFDAD}"
EndProject
Project("{2150E333-8FDC-42A3-9474-1A3956D46DE8}") = "Mvvm", "Mvvm", "{2E460AEC-0DD6-46AC-A4B0-74823FF4856D}"
EndProject
Project("{9A19103F-16F7-4668-BE54-9A1E7A4F7556}") = "BauMvvm.ViewModels", "Libraries\BauMvvm.ViewModels\BauMvvm.ViewModels.csproj", "{720CCA0B-7A97-44D3-8571-C735CA85E3E2}"
EndProject
Project("{FAE04EC0-301F-11D3-BF4B-00C04F79EFBC}") = "BauMvvm.Views", "Libraries\BauMvvm.Views\BauMvvm.Views.csproj", "{FFA90CCE-8C07-4A0F-A90C-3ED1B7B81E9C}"
EndProject
Project("{9A19103F-16F7-4668-BE54-9A1E7A4F7556}") = "LibDataStructures", "Libraries\LibDataStructures\LibDataStructures.csproj", "{FF525CBA-E313-44A2-958C-742F082440E5}"
EndProject
Project("{2150E333-8FDC-42A3-9474-1A3956D46DE8}") = "DataBases", "DataBases", "{4613522B-5973-4FFD-B94D-BEFF37B61BAB}"
EndProject
Project("{9A19103F-16F7-4668-BE54-9A1E7A4F7556}") = "LibDbProviders.Base", "Libraries\LibDbProviders.Base\LibDbProviders.Base.csproj", "{D4E8BECA-34CB-4E9C-9745-56368366EF5D}"
EndProject
Project("{9A19103F-16F7-4668-BE54-9A1E7A4F7556}") = "LibDbProviders.Spark", "Libraries\LibDbProviders.Spark\LibDbProviders.Spark.csproj", "{393B297D-E162-4288-A84C-5923450202B7}"
EndProject
Project("{9A19103F-16F7-4668-BE54-9A1E7A4F7556}") = "LibJsonConversor", "Libraries\LibJsonConversor\LibJsonConversor.csproj", "{67036C9A-1D5D-4D50-A2CB-DB8886EA08C3}"
EndProject
Project("{9A19103F-16F7-4668-BE54-9A1E7A4F7556}") = "LibCsvFiles", "Libraries\LibCsvFiles\LibCsvFiles.csproj", "{E9D6C485-6293-4361-9CC0-4719918E0240}"
EndProject
Project("{9A19103F-16F7-4668-BE54-9A1E7A4F7556}") = "LibParquetFiles", "Libraries\LibParquetFiles\LibParquetFiles.csproj", "{F6D4F1DA-A554-41DC-8CF6-7CE7E499512A}"
EndProject
Global
	GlobalSection(SolutionConfigurationPlatforms) = preSolution
		Debug|Any CPU = Debug|Any CPU
		Release|Any CPU = Release|Any CPU
	EndGlobalSection
	GlobalSection(ProjectConfigurationPlatforms) = postSolution
		{0ABBC6C4-6C01-455C-8732-205FC3BDF832}.Debug|Any CPU.ActiveCfg = Debug|Any CPU
		{0ABBC6C4-6C01-455C-8732-205FC3BDF832}.Debug|Any CPU.Build.0 = Debug|Any CPU
		{0ABBC6C4-6C01-455C-8732-205FC3BDF832}.Release|Any CPU.ActiveCfg = Release|Any CPU
		{0ABBC6C4-6C01-455C-8732-205FC3BDF832}.Release|Any CPU.Build.0 = Release|Any CPU
		{B5C81E48-6309-483C-80E7-560AE32A1129}.Debug|Any CPU.ActiveCfg = Debug|Any CPU
		{B5C81E48-6309-483C-80E7-560AE32A1129}.Debug|Any CPU.Build.0 = Debug|Any CPU
		{B5C81E48-6309-483C-80E7-560AE32A1129}.Release|Any CPU.ActiveCfg = Release|Any CPU
		{B5C81E48-6309-483C-80E7-560AE32A1129}.Release|Any CPU.Build.0 = Release|Any CPU
		{233C6519-3E58-45A8-A442-06ACAD06C0E0}.Debug|Any CPU.ActiveCfg = Debug|Any CPU
		{233C6519-3E58-45A8-A442-06ACAD06C0E0}.Debug|Any CPU.Build.0 = Debug|Any CPU
		{233C6519-3E58-45A8-A442-06ACAD06C0E0}.Release|Any CPU.ActiveCfg = Release|Any CPU
		{233C6519-3E58-45A8-A442-06ACAD06C0E0}.Release|Any CPU.Build.0 = Release|Any CPU
		{B0E212B0-BA58-4BA6-B042-B7974CF15DD9}.Debug|Any CPU.ActiveCfg = Debug|Any CPU
		{B0E212B0-BA58-4BA6-B042-B7974CF15DD9}.Debug|Any CPU.Build.0 = Debug|Any CPU
		{B0E212B0-BA58-4BA6-B042-B7974CF15DD9}.Release|Any CPU.ActiveCfg = Release|Any CPU
		{B0E212B0-BA58-4BA6-B042-B7974CF15DD9}.Release|Any CPU.Build.0 = Release|Any CPU
		{C4411755-086A-464B-A62D-BE0CCD18EFB9}.Debug|Any CPU.ActiveCfg = Debug|Any CPU
		{C4411755-086A-464B-A62D-BE0CCD18EFB9}.Debug|Any CPU.Build.0 = Debug|Any CPU
		{C4411755-086A-464B-A62D-BE0CCD18EFB9}.Release|Any CPU.ActiveCfg = Release|Any CPU
		{C4411755-086A-464B-A62D-BE0CCD18EFB9}.Release|Any CPU.Build.0 = Release|Any CPU
		{4E07699F-5BD6-41C5-A42E-928A2AA332FC}.Debug|Any CPU.ActiveCfg = Debug|Any CPU
		{4E07699F-5BD6-41C5-A42E-928A2AA332FC}.Debug|Any CPU.Build.0 = Debug|Any CPU
		{4E07699F-5BD6-41C5-A42E-928A2AA332FC}.Release|Any CPU.ActiveCfg = Release|Any CPU
		{4E07699F-5BD6-41C5-A42E-928A2AA332FC}.Release|Any CPU.Build.0 = Release|Any CPU
		{681609AF-B80A-4CBD-80A9-926B3C6FA817}.Debug|Any CPU.ActiveCfg = Debug|Any CPU
		{681609AF-B80A-4CBD-80A9-926B3C6FA817}.Debug|Any CPU.Build.0 = Debug|Any CPU
		{681609AF-B80A-4CBD-80A9-926B3C6FA817}.Release|Any CPU.ActiveCfg = Release|Any CPU
		{681609AF-B80A-4CBD-80A9-926B3C6FA817}.Release|Any CPU.Build.0 = Release|Any CPU
		{AD91F360-8C28-44F8-9FE1-EB78A80F5D01}.Debug|Any CPU.ActiveCfg = Debug|Any CPU
		{AD91F360-8C28-44F8-9FE1-EB78A80F5D01}.Debug|Any CPU.Build.0 = Debug|Any CPU
		{AD91F360-8C28-44F8-9FE1-EB78A80F5D01}.Release|Any CPU.ActiveCfg = Release|Any CPU
		{AD91F360-8C28-44F8-9FE1-EB78A80F5D01}.Release|Any CPU.Build.0 = Release|Any CPU
		{511AAA9E-BB99-469F-80E1-A8DB0AC0C349}.Debug|Any CPU.ActiveCfg = Debug|Any CPU
		{511AAA9E-BB99-469F-80E1-A8DB0AC0C349}.Debug|Any CPU.Build.0 = Debug|Any CPU
		{511AAA9E-BB99-469F-80E1-A8DB0AC0C349}.Release|Any CPU.ActiveCfg = Release|Any CPU
		{511AAA9E-BB99-469F-80E1-A8DB0AC0C349}.Release|Any CPU.Build.0 = Release|Any CPU
		{D3EC0236-F914-4CBF-905F-423905043F77}.Debug|Any CPU.ActiveCfg = Debug|Any CPU
		{D3EC0236-F914-4CBF-905F-423905043F77}.Debug|Any CPU.Build.0 = Debug|Any CPU
		{D3EC0236-F914-4CBF-905F-423905043F77}.Release|Any CPU.ActiveCfg = Release|Any CPU
		{D3EC0236-F914-4CBF-905F-423905043F77}.Release|Any CPU.Build.0 = Release|Any CPU
		{529DA951-3C1E-4FE2-B0C4-928203105405}.Debug|Any CPU.ActiveCfg = Debug|Any CPU
		{529DA951-3C1E-4FE2-B0C4-928203105405}.Debug|Any CPU.Build.0 = Debug|Any CPU
		{529DA951-3C1E-4FE2-B0C4-928203105405}.Release|Any CPU.ActiveCfg = Release|Any CPU
		{529DA951-3C1E-4FE2-B0C4-928203105405}.Release|Any CPU.Build.0 = Release|Any CPU
		{60359CD0-48C5-4D38-BE6B-3FDD9896E646}.Debug|Any CPU.ActiveCfg = Debug|Any CPU
		{60359CD0-48C5-4D38-BE6B-3FDD9896E646}.Debug|Any CPU.Build.0 = Debug|Any CPU
		{60359CD0-48C5-4D38-BE6B-3FDD9896E646}.Release|Any CPU.ActiveCfg = Release|Any CPU
		{60359CD0-48C5-4D38-BE6B-3FDD9896E646}.Release|Any CPU.Build.0 = Release|Any CPU
		{412E56E8-9B78-4671-8CA8-FDF76415A0A1}.Debug|Any CPU.ActiveCfg = Debug|Any CPU
		{412E56E8-9B78-4671-8CA8-FDF76415A0A1}.Debug|Any CPU.Build.0 = Debug|Any CPU
		{412E56E8-9B78-4671-8CA8-FDF76415A0A1}.Release|Any CPU.ActiveCfg = Release|Any CPU
		{412E56E8-9B78-4671-8CA8-FDF76415A0A1}.Release|Any CPU.Build.0 = Release|Any CPU
		{68B398B8-CBA1-46EC-ADD7-F07CB9A47797}.Debug|Any CPU.ActiveCfg = Debug|Any CPU
		{68B398B8-CBA1-46EC-ADD7-F07CB9A47797}.Debug|Any CPU.Build.0 = Debug|Any CPU
		{68B398B8-CBA1-46EC-ADD7-F07CB9A47797}.Release|Any CPU.ActiveCfg = Release|Any CPU
		{68B398B8-CBA1-46EC-ADD7-F07CB9A47797}.Release|Any CPU.Build.0 = Release|Any CPU
		{720CCA0B-7A97-44D3-8571-C735CA85E3E2}.Debug|Any CPU.ActiveCfg = Debug|Any CPU
		{720CCA0B-7A97-44D3-8571-C735CA85E3E2}.Debug|Any CPU.Build.0 = Debug|Any CPU
		{720CCA0B-7A97-44D3-8571-C735CA85E3E2}.Release|Any CPU.ActiveCfg = Release|Any CPU
		{720CCA0B-7A97-44D3-8571-C735CA85E3E2}.Release|Any CPU.Build.0 = Release|Any CPU
		{FFA90CCE-8C07-4A0F-A90C-3ED1B7B81E9C}.Debug|Any CPU.ActiveCfg = Debug|Any CPU
		{FFA90CCE-8C07-4A0F-A90C-3ED1B7B81E9C}.Debug|Any CPU.Build.0 = Debug|Any CPU
		{FFA90CCE-8C07-4A0F-A90C-3ED1B7B81E9C}.Release|Any CPU.ActiveCfg = Release|Any CPU
		{FFA90CCE-8C07-4A0F-A90C-3ED1B7B81E9C}.Release|Any CPU.Build.0 = Release|Any CPU
		{FF525CBA-E313-44A2-958C-742F082440E5}.Debug|Any CPU.ActiveCfg = Debug|Any CPU
		{FF525CBA-E313-44A2-958C-742F082440E5}.Debug|Any CPU.Build.0 = Debug|Any CPU
		{FF525CBA-E313-44A2-958C-742F082440E5}.Release|Any CPU.ActiveCfg = Release|Any CPU
		{FF525CBA-E313-44A2-958C-742F082440E5}.Release|Any CPU.Build.0 = Release|Any CPU
		{D4E8BECA-34CB-4E9C-9745-56368366EF5D}.Debug|Any CPU.ActiveCfg = Debug|Any CPU
		{D4E8BECA-34CB-4E9C-9745-56368366EF5D}.Debug|Any CPU.Build.0 = Debug|Any CPU
		{D4E8BECA-34CB-4E9C-9745-56368366EF5D}.Release|Any CPU.ActiveCfg = Release|Any CPU
		{D4E8BECA-34CB-4E9C-9745-56368366EF5D}.Release|Any CPU.Build.0 = Release|Any CPU
		{393B297D-E162-4288-A84C-5923450202B7}.Debug|Any CPU.ActiveCfg = Debug|Any CPU
		{393B297D-E162-4288-A84C-5923450202B7}.Debug|Any CPU.Build.0 = Debug|Any CPU
		{393B297D-E162-4288-A84C-5923450202B7}.Release|Any CPU.ActiveCfg = Release|Any CPU
		{393B297D-E162-4288-A84C-5923450202B7}.Release|Any CPU.Build.0 = Release|Any CPU
		{67036C9A-1D5D-4D50-A2CB-DB8886EA08C3}.Debug|Any CPU.ActiveCfg = Debug|Any CPU
		{67036C9A-1D5D-4D50-A2CB-DB8886EA08C3}.Debug|Any CPU.Build.0 = Debug|Any CPU
		{67036C9A-1D5D-4D50-A2CB-DB8886EA08C3}.Release|Any CPU.ActiveCfg = Release|Any CPU
		{67036C9A-1D5D-4D50-A2CB-DB8886EA08C3}.Release|Any CPU.Build.0 = Release|Any CPU
		{E9D6C485-6293-4361-9CC0-4719918E0240}.Debug|Any CPU.ActiveCfg = Debug|Any CPU
		{E9D6C485-6293-4361-9CC0-4719918E0240}.Debug|Any CPU.Build.0 = Debug|Any CPU
		{E9D6C485-6293-4361-9CC0-4719918E0240}.Release|Any CPU.ActiveCfg = Release|Any CPU
		{E9D6C485-6293-4361-9CC0-4719918E0240}.Release|Any CPU.Build.0 = Release|Any CPU
		{F6D4F1DA-A554-41DC-8CF6-7CE7E499512A}.Debug|Any CPU.ActiveCfg = Debug|Any CPU
		{F6D4F1DA-A554-41DC-8CF6-7CE7E499512A}.Debug|Any CPU.Build.0 = Debug|Any CPU
		{F6D4F1DA-A554-41DC-8CF6-7CE7E499512A}.Release|Any CPU.ActiveCfg = Release|Any CPU
		{F6D4F1DA-A554-41DC-8CF6-7CE7E499512A}.Release|Any CPU.Build.0 = Release|Any CPU
	EndGlobalSection
	GlobalSection(SolutionProperties) = preSolution
		HideSolutionNode = FALSE
	EndGlobalSection
	GlobalSection(NestedProjects) = preSolution
		{B5C81E48-6309-483C-80E7-560AE32A1129} = {9E0378CF-6ADF-48F2-85F6-7FDD79278710}
		{233C6519-3E58-45A8-A442-06ACAD06C0E0} = {9E0378CF-6ADF-48F2-85F6-7FDD79278710}
		{B0E212B0-BA58-4BA6-B042-B7974CF15DD9} = {9E0378CF-6ADF-48F2-85F6-7FDD79278710}
		{C4411755-086A-464B-A62D-BE0CCD18EFB9} = {09DAD0DE-2075-4326-8208-00BBD0FE1FF1}
		{4E07699F-5BD6-41C5-A42E-928A2AA332FC} = {09DAD0DE-2075-4326-8208-00BBD0FE1FF1}
		{681609AF-B80A-4CBD-80A9-926B3C6FA817} = {2D981961-EB2A-4F8C-B214-AF852B18BD3E}
		{AD91F360-8C28-44F8-9FE1-EB78A80F5D01} = {F50F9D8F-4608-40BE-8614-244E148BFDAD}
		{511AAA9E-BB99-469F-80E1-A8DB0AC0C349} = {F50F9D8F-4608-40BE-8614-244E148BFDAD}
		{D3EC0236-F914-4CBF-905F-423905043F77} = {F50F9D8F-4608-40BE-8614-244E148BFDAD}
		{529DA951-3C1E-4FE2-B0C4-928203105405} = {F50F9D8F-4608-40BE-8614-244E148BFDAD}
		{60359CD0-48C5-4D38-BE6B-3FDD9896E646} = {F50F9D8F-4608-40BE-8614-244E148BFDAD}
		{412E56E8-9B78-4671-8CA8-FDF76415A0A1} = {F50F9D8F-4608-40BE-8614-244E148BFDAD}
		{68B398B8-CBA1-46EC-ADD7-F07CB9A47797} = {2D981961-EB2A-4F8C-B214-AF852B18BD3E}
		{2D981961-EB2A-4F8C-B214-AF852B18BD3E} = {A11B5607-E4D6-4254-97F7-1BE636C5C2C0}
		{F50F9D8F-4608-40BE-8614-244E148BFDAD} = {A11B5607-E4D6-4254-97F7-1BE636C5C2C0}
		{2E460AEC-0DD6-46AC-A4B0-74823FF4856D} = {A11B5607-E4D6-4254-97F7-1BE636C5C2C0}
		{720CCA0B-7A97-44D3-8571-C735CA85E3E2} = {2E460AEC-0DD6-46AC-A4B0-74823FF4856D}
		{FFA90CCE-8C07-4A0F-A90C-3ED1B7B81E9C} = {2E460AEC-0DD6-46AC-A4B0-74823FF4856D}
		{FF525CBA-E313-44A2-958C-742F082440E5} = {2D981961-EB2A-4F8C-B214-AF852B18BD3E}
		{4613522B-5973-4FFD-B94D-BEFF37B61BAB} = {A11B5607-E4D6-4254-97F7-1BE636C5C2C0}
		{D4E8BECA-34CB-4E9C-9745-56368366EF5D} = {4613522B-5973-4FFD-B94D-BEFF37B61BAB}
		{393B297D-E162-4288-A84C-5923450202B7} = {4613522B-5973-4FFD-B94D-BEFF37B61BAB}
		{67036C9A-1D5D-4D50-A2CB-DB8886EA08C3} = {2D981961-EB2A-4F8C-B214-AF852B18BD3E}
		{E9D6C485-6293-4361-9CC0-4719918E0240} = {2D981961-EB2A-4F8C-B214-AF852B18BD3E}
		{F6D4F1DA-A554-41DC-8CF6-7CE7E499512A} = {2D981961-EB2A-4F8C-B214-AF852B18BD3E}
	EndGlobalSection
	GlobalSection(ExtensibilityGlobals) = postSolution
		SolutionGuid = {A8389148-0008-4F6C-ADF4-15B8FEC0277F}
	EndGlobalSection
EndGlobal
